
Microsoft Visual Studio Solution File, Format Version 12.00
# Visual Studio Version 17
VisualStudioVersion = 17.9.34616.47
MinimumVisualStudioVersion = 10.0.40219.1
Project("{9A19103F-16F7-4668-BE54-9A1E7A4F7556}") = "LethalMark", "LethalMark.csproj", "{BC2901B0-787B-4384-8167-09AC45A4633F}"
EndProject
Global
	GlobalSection(SolutionConfigurationPlatforms) = preSolution
		Debug|Any CPU = Debug|Any CPU
		Release|Any CPU = Release|Any CPU
	EndGlobalSection
	GlobalSection(ProjectConfigurationPlatforms) = postSolution
		{BC2901B0-787B-4384-8167-09AC45A4633F}.Debug|Any CPU.ActiveCfg = Debug|Any CPU
		{BC2901B0-787B-4384-8167-09AC45A4633F}.Debug|Any CPU.Build.0 = Debug|Any CPU
		{BC2901B0-787B-4384-8167-09AC45A4633F}.Release|Any CPU.ActiveCfg = Release|Any CPU
		{BC2901B0-787B-4384-8167-09AC45A4633F}.Release|Any CPU.Build.0 = Release|Any CPU
	EndGlobalSection
	GlobalSection(SolutionProperties) = preSolution
		HideSolutionNode = FALSE
	EndGlobalSection
	GlobalSection(ExtensibilityGlobals) = postSolution
		SolutionGuid = {126568D5-BC46-453B-A4F4-D372414B66A0}
	EndGlobalSection
EndGlobal
